
Microsoft Visual Studio Solution File, Format Version 12.00
# Visual Studio Version 16
VisualStudioVersion = 16.0.30523.141
MinimumVisualStudioVersion = 10.0.40219.1
Project("{FAE04EC0-301F-11D3-BF4B-00C04F79EFBC}") = "ChatApp", "ChatApp\ChatApp.csproj", "{6F240291-94A5-4BC6-80B9-4301F5BBD307}"
EndProject
Global
	GlobalSection(SolutionConfigurationPlatforms) = preSolution
		Debug|Any CPU = Debug|Any CPU
		Release|Any CPU = Release|Any CPU
	EndGlobalSection
	GlobalSection(ProjectConfigurationPlatforms) = postSolution
		{6F240291-94A5-4BC6-80B9-4301F5BBD307}.Debug|Any CPU.ActiveCfg = Debug|Any CPU
		{6F240291-94A5-4BC6-80B9-4301F5BBD307}.Debug|Any CPU.Build.0 = Debug|Any CPU
		{6F240291-94A5-4BC6-80B9-4301F5BBD307}.Release|Any CPU.ActiveCfg = Release|Any CPU
		{6F240291-94A5-4BC6-80B9-4301F5BBD307}.Release|Any CPU.Build.0 = Release|Any CPU
	EndGlobalSection
	GlobalSection(SolutionProperties) = preSolution
		HideSolutionNode = FALSE
	EndGlobalSection
	GlobalSection(ExtensibilityGlobals) = postSolution
		SolutionGuid = {241B218E-063B-48EA-BB73-33AE152BA377}
	EndGlobalSection
EndGlobal
